PODS:
  - dual_cameras_ios (0.1.0):
    - Flutter
  - Flutter (1.0.0)
  - gal (1.0.0):
    - Flutter
    - FlutterMacOS
  - permission_handler_apple (9.4.8):
    - Flutter

DEPENDENCIES:
  - dual_cameras_ios (from `.symlinks/plugins/dual_cameras_ios/ios`)
  - Flutter (from `Flutter`)
  - gal (from `.symlinks/plugins/gal/darwin`)
  - permission_handler_apple (from `.symlinks/plugins/permission_handler_apple/ios`)

EXTERNAL SOURCES:
  dual_cameras_ios:
    :path: ".symlinks/plugins/dual_cameras_ios/ios"
  Flutter:
    :path: Flutter
  gal:
    :path: ".symlinks/plugins/gal/darwin"
  permission_handler_apple:
    :path: ".symlinks/plugins/permission_handler_apple/ios"

SPEC CHECKSUMS:
  dual_cameras_ios: 264c37ec9c45d6b3502a82c23c5bd86586aff760
  Flutter: cabc95a1d2626b1b06e7179b784ebcf0c0cde467
  gal: baecd024ebfd13c441269ca7404792a7152fde89
  permission_handler_apple: 92d754bbaa7361d436db2d6c3c1c2a0fdcec462e

PODFILE CHECKSUM: 80141c4e0c11af9df9561fb35b3787a3c99b5365

COCOAPODS: 1.16.2
